
Microsoft Visual Studio Solution File, Format Version 12.00
# Visual Studio Version 17
VisualStudioVersion = 17.10.35013.160
MinimumVisualStudioVersion = 10.0.40219.1
Project("{FAE04EC0-301F-11D3-BF4B-00C04F79EFBC}") = "ЖКХ", "ЖКХ.csproj", "{A9EE659F-0B7F-42B1-9BB0-55175929401C}"
EndProject
Global
	GlobalSection(SolutionConfigurationPlatforms) = preSolution
		Debug|Any CPU = Debug|Any CPU
		Release|Any CPU = Release|Any CPU
	EndGlobalSection
	GlobalSection(ProjectConfigurationPlatforms) = postSolution
		{A9EE659F-0B7F-42B1-9BB0-55175929401C}.Debug|Any CPU.ActiveCfg = Debug|Any CPU
		{A9EE659F-0B7F-42B1-9BB0-55175929401C}.Debug|Any CPU.Build.0 = Debug|Any CPU
		{A9EE659F-0B7F-42B1-9BB0-55175929401C}.Release|Any CPU.ActiveCfg = Release|Any CPU
		{A9EE659F-0B7F-42B1-9BB0-55175929401C}.Release|Any CPU.Build.0 = Release|Any CPU
	EndGlobalSection
	GlobalSection(SolutionProperties) = preSolution
		HideSolutionNode = FALSE
	EndGlobalSection
	GlobalSection(ExtensibilityGlobals) = postSolution
		SolutionGuid = {F4480707-62BB-4B51-8267-1F1C38B97565}
	EndGlobalSection
EndGlobal
